
Microsoft Visual Studio Solution File, Format Version 12.00
# Visual Studio Version 17
VisualStudioVersion = 17.9.34728.123
MinimumVisualStudioVersion = 10.0.40219.1
Project("{9A19103F-16F7-4668-BE54-9A1E7A4F7556}") = "Estaticos01", "ClasesProgramacion2\Estaticos01.csproj", "{D44C7C61-A73F-4755-BC4C-7AB9A2AF59DF}"
EndProject
Project("{9A19103F-16F7-4668-BE54-9A1E7A4F7556}") = "ClassLibrary1", "ClassLibrary1\ClassLibrary1.csproj", "{CE7153A5-440B-418F-9CD4-DC91AF1BD63D}"
EndProject
Project("{2150E333-8FDC-42A3-9474-1A3956D46DE8}") = "Clase02 - Ej Estaticos, Intro POO", "Clase02 - Ej Estaticos, Intro POO", "{9B79A763-2A9B-4AE7-8884-5245B7E51E62}"
EndProject
Project("{9A19103F-16F7-4668-BE54-9A1E7A4F7556}") = "Estaticos02", "Estaticos02\Estaticos02.csproj", "{69AF453F-E418-4DCA-BAC3-7185C28257B8}"
EndProject
Project("{9A19103F-16F7-4668-BE54-9A1E7A4F7556}") = "POO_01", "POO\POO_01.csproj", "{26F1F423-19F3-443B-B7D9-577286B84CA4}"
EndProject
Project("{9A19103F-16F7-4668-BE54-9A1E7A4F7556}") = "POO_02", "POO_02\POO_02.csproj", "{9AF17729-8061-4E56-9394-C82A61ECC994}"
EndProject
Project("{FAE04EC0-301F-11D3-BF4B-00C04F79EFBC}") = "POO_03", "POO_03\POO_03.csproj", "{5EF58052-7FD2-4475-B732-CC15B01FADD7}"
EndProject
Project("{FAE04EC0-301F-11D3-BF4B-00C04F79EFBC}") = "POO_04", "POO_04\POO_04.csproj", "{5B128B7E-BF32-4171-B06C-14B6AE14DD92}"
EndProject
Project("{2150E333-8FDC-42A3-9474-1A3956D46DE8}") = "Clase03", "Clase03", "{6B2725DE-B45B-4A1F-A07D-93FDB0FEFC83}"
EndProject
Project("{FAE04EC0-301F-11D3-BF4B-00C04F79EFBC}") = "POO_05", "POO_05\POO_05.csproj", "{A43E65AA-D173-4D74-B42B-B98BCBFB51EB}"
EndProject
Project("{FAE04EC0-301F-11D3-BF4B-00C04F79EFBC}") = "Geometria", "Geometria\Geometria.csproj", "{0B1D881B-0A8E-46A9-BE12-883E10201CB2}"
EndProject
Project("{FAE04EC0-301F-11D3-BF4B-00C04F79EFBC}") = "POO_A01", "POO_A01\POO_A01.csproj", "{3D427416-D3A8-4577-88DA-F550AB0B58D3}"
EndProject
Project("{FAE04EC0-301F-11D3-BF4B-00C04F79EFBC}") = "ClassLibrary03", "ClassLibrary03\ClassLibrary03.csproj", "{336C3034-691E-493D-82C3-E08ABC77C332}"
EndProject
Project("{FAE04EC0-301F-11D3-BF4B-00C04F79EFBC}") = "POO_A02", "POO_A02\POO_A02.csproj", "{C9C87FB7-8062-4BBE-9D76-D4D259FA9BB2}"
EndProject
Project("{FAE04EC0-301F-11D3-BF4B-00C04F79EFBC}") = "Veterinaria", "Veterinaria\Veterinaria.csproj", "{DCD1CD4F-B454-462A-8DD6-E7BB4888B60E}"
EndProject
Global
	GlobalSection(SolutionConfigurationPlatforms) = preSolution
		Debug|Any CPU = Debug|Any CPU
		Release|Any CPU = Release|Any CPU
	EndGlobalSection
	GlobalSection(ProjectConfigurationPlatforms) = postSolution
		{D44C7C61-A73F-4755-BC4C-7AB9A2AF59DF}.Debug|Any CPU.ActiveCfg = Debug|Any CPU
		{D44C7C61-A73F-4755-BC4C-7AB9A2AF59DF}.Debug|Any CPU.Build.0 = Debug|Any CPU
		{D44C7C61-A73F-4755-BC4C-7AB9A2AF59DF}.Release|Any CPU.ActiveCfg = Release|Any CPU
		{D44C7C61-A73F-4755-BC4C-7AB9A2AF59DF}.Release|Any CPU.Build.0 = Release|Any CPU
		{CE7153A5-440B-418F-9CD4-DC91AF1BD63D}.Debug|Any CPU.ActiveCfg = Debug|Any CPU
		{CE7153A5-440B-418F-9CD4-DC91AF1BD63D}.Debug|Any CPU.Build.0 = Debug|Any CPU
		{CE7153A5-440B-418F-9CD4-DC91AF1BD63D}.Release|Any CPU.ActiveCfg = Release|Any CPU
		{CE7153A5-440B-418F-9CD4-DC91AF1BD63D}.Release|Any CPU.Build.0 = Release|Any CPU
		{69AF453F-E418-4DCA-BAC3-7185C28257B8}.Debug|Any CPU.ActiveCfg = Debug|Any CPU
		{69AF453F-E418-4DCA-BAC3-7185C28257B8}.Debug|Any CPU.Build.0 = Debug|Any CPU
		{69AF453F-E418-4DCA-BAC3-7185C28257B8}.Release|Any CPU.ActiveCfg = Release|Any CPU
		{69AF453F-E418-4DCA-BAC3-7185C28257B8}.Release|Any CPU.Build.0 = Release|Any CPU
		{26F1F423-19F3-443B-B7D9-577286B84CA4}.Debug|Any CPU.ActiveCfg = Debug|Any CPU
		{26F1F423-19F3-443B-B7D9-577286B84CA4}.Debug|Any CPU.Build.0 = Debug|Any CPU
		{26F1F423-19F3-443B-B7D9-577286B84CA4}.Release|Any CPU.ActiveCfg = Release|Any CPU
		{26F1F423-19F3-443B-B7D9-577286B84CA4}.Release|Any CPU.Build.0 = Release|Any CPU
		{9AF17729-8061-4E56-9394-C82A61ECC994}.Debug|Any CPU.ActiveCfg = Debug|Any CPU
		{9AF17729-8061-4E56-9394-C82A61ECC994}.Debug|Any CPU.Build.0 = Debug|Any CPU
		{9AF17729-8061-4E56-9394-C82A61ECC994}.Release|Any CPU.ActiveCfg = Release|Any CPU
		{9AF17729-8061-4E56-9394-C82A61ECC994}.Release|Any CPU.Build.0 = Release|Any CPU
		{5EF58052-7FD2-4475-B732-CC15B01FADD7}.Debug|Any CPU.ActiveCfg = Debug|Any CPU
		{5EF58052-7FD2-4475-B732-CC15B01FADD7}.Debug|Any CPU.Build.0 = Debug|Any CPU
		{5EF58052-7FD2-4475-B732-CC15B01FADD7}.Release|Any CPU.ActiveCfg = Release|Any CPU
		{5EF58052-7FD2-4475-B732-CC15B01FADD7}.Release|Any CPU.Build.0 = Release|Any CPU
		{5B128B7E-BF32-4171-B06C-14B6AE14DD92}.Debug|Any CPU.ActiveCfg = Debug|Any CPU
		{5B128B7E-BF32-4171-B06C-14B6AE14DD92}.Debug|Any CPU.Build.0 = Debug|Any CPU
		{5B128B7E-BF32-4171-B06C-14B6AE14DD92}.Release|Any CPU.ActiveCfg = Release|Any CPU
		{5B128B7E-BF32-4171-B06C-14B6AE14DD92}.Release|Any CPU.Build.0 = Release|Any CPU
		{A43E65AA-D173-4D74-B42B-B98BCBFB51EB}.Debug|Any CPU.ActiveCfg = Debug|Any CPU
		{A43E65AA-D173-4D74-B42B-B98BCBFB51EB}.Debug|Any CPU.Build.0 = Debug|Any CPU
		{A43E65AA-D173-4D74-B42B-B98BCBFB51EB}.Release|Any CPU.ActiveCfg = Release|Any CPU
		{A43E65AA-D173-4D74-B42B-B98BCBFB51EB}.Release|Any CPU.Build.0 = Release|Any CPU
		{0B1D881B-0A8E-46A9-BE12-883E10201CB2}.Debug|Any CPU.ActiveCfg = Debug|Any CPU
		{0B1D881B-0A8E-46A9-BE12-883E10201CB2}.Debug|Any CPU.Build.0 = Debug|Any CPU
		{0B1D881B-0A8E-46A9-BE12-883E10201CB2}.Release|Any CPU.ActiveCfg = Release|Any CPU
		{0B1D881B-0A8E-46A9-BE12-883E10201CB2}.Release|Any CPU.Build.0 = Release|Any CPU
		{3D427416-D3A8-4577-88DA-F550AB0B58D3}.Debug|Any CPU.ActiveCfg = Debug|Any CPU
		{3D427416-D3A8-4577-88DA-F550AB0B58D3}.Debug|Any CPU.Build.0 = Debug|Any CPU
		{3D427416-D3A8-4577-88DA-F550AB0B58D3}.Release|Any CPU.ActiveCfg = Release|Any CPU
		{3D427416-D3A8-4577-88DA-F550AB0B58D3}.Release|Any CPU.Build.0 = Release|Any CPU
		{336C3034-691E-493D-82C3-E08ABC77C332}.Debug|Any CPU.ActiveCfg = Debug|Any CPU
		{336C3034-691E-493D-82C3-E08ABC77C332}.Debug|Any CPU.Build.0 = Debug|Any CPU
		{336C3034-691E-493D-82C3-E08ABC77C332}.Release|Any CPU.ActiveCfg = Release|Any CPU
		{336C3034-691E-493D-82C3-E08ABC77C332}.Release|Any CPU.Build.0 = Release|Any CPU
		{C9C87FB7-8062-4BBE-9D76-D4D259FA9BB2}.Debug|Any CPU.ActiveCfg = Debug|Any CPU
		{C9C87FB7-8062-4BBE-9D76-D4D259FA9BB2}.Debug|Any CPU.Build.0 = Debug|Any CPU
		{C9C87FB7-8062-4BBE-9D76-D4D259FA9BB2}.Release|Any CPU.ActiveCfg = Release|Any CPU
		{C9C87FB7-8062-4BBE-9D76-D4D259FA9BB2}.Release|Any CPU.Build.0 = Release|Any CPU
		{DCD1CD4F-B454-462A-8DD6-E7BB4888B60E}.Debug|Any CPU.ActiveCfg = Debug|Any CPU
		{DCD1CD4F-B454-462A-8DD6-E7BB4888B60E}.Debug|Any CPU.Build.0 = Debug|Any CPU
		{DCD1CD4F-B454-462A-8DD6-E7BB4888B60E}.Release|Any CPU.ActiveCfg = Release|Any CPU
		{DCD1CD4F-B454-462A-8DD6-E7BB4888B60E}.Release|Any CPU.Build.0 = Release|Any CPU
	EndGlobalSection
	GlobalSection(SolutionProperties) = preSolution
		HideSolutionNode = FALSE
	EndGlobalSection
	GlobalSection(NestedProjects) = preSolution
		{D44C7C61-A73F-4755-BC4C-7AB9A2AF59DF} = {9B79A763-2A9B-4AE7-8884-5245B7E51E62}
		{CE7153A5-440B-418F-9CD4-DC91AF1BD63D} = {9B79A763-2A9B-4AE7-8884-5245B7E51E62}
		{69AF453F-E418-4DCA-BAC3-7185C28257B8} = {9B79A763-2A9B-4AE7-8884-5245B7E51E62}
		{26F1F423-19F3-443B-B7D9-577286B84CA4} = {9B79A763-2A9B-4AE7-8884-5245B7E51E62}
		{9AF17729-8061-4E56-9394-C82A61ECC994} = {6B2725DE-B45B-4A1F-A07D-93FDB0FEFC83}
		{5EF58052-7FD2-4475-B732-CC15B01FADD7} = {6B2725DE-B45B-4A1F-A07D-93FDB0FEFC83}
		{5B128B7E-BF32-4171-B06C-14B6AE14DD92} = {6B2725DE-B45B-4A1F-A07D-93FDB0FEFC83}
		{A43E65AA-D173-4D74-B42B-B98BCBFB51EB} = {6B2725DE-B45B-4A1F-A07D-93FDB0FEFC83}
		{0B1D881B-0A8E-46A9-BE12-883E10201CB2} = {6B2725DE-B45B-4A1F-A07D-93FDB0FEFC83}
		{3D427416-D3A8-4577-88DA-F550AB0B58D3} = {6B2725DE-B45B-4A1F-A07D-93FDB0FEFC83}
		{336C3034-691E-493D-82C3-E08ABC77C332} = {6B2725DE-B45B-4A1F-A07D-93FDB0FEFC83}
		{C9C87FB7-8062-4BBE-9D76-D4D259FA9BB2} = {6B2725DE-B45B-4A1F-A07D-93FDB0FEFC83}
		{DCD1CD4F-B454-462A-8DD6-E7BB4888B60E} = {6B2725DE-B45B-4A1F-A07D-93FDB0FEFC83}
	EndGlobalSection
	GlobalSection(ExtensibilityGlobals) = postSolution
		SolutionGuid = {3D4AAA62-C828-4924-8D3C-1123379C7C5E}
	EndGlobalSection
EndGlobal
